github.com/antlr4-go/antlr/v4 v4.13.1 h1:SqQKkuVZ+zWkMMNkjy5FZe5mr5WURWnlpmOuzYWrPrQ=
github.com/antlr4-go/antlr/v4 v4.13.1/go.mod h1:GKmUxMtwp6ZgGwZSva4eWPC5mS6vUAmOABFgjdkM7Nw=
github.com/vertex-language/encoder v0.0.0-20260603020158-47aa6ae76d98 h1:E0/Wh6a7+GmuUn9rR4+1YHR3fvvKyCda6iJ6QUEl6p8=
github.com/vertex-language/encoder v0.0.0-20260603020158-47aa6ae76d98/go.mod h1:JU0jWFxnKaHQi9K1VoAb6I62rDBKqDhqnvxKU15kBGs=
github.com/vertex-language/encoder v0.0.0-20260603034205-716a6b8158e9 h1:L5UVfWCUMjYk91UijNp0aWkiIKDqaTcpm6uaNprdneA=
github.com/vertex-language/encoder v0.0.0-20260603034205-716a6b8158e9/go.mod h1:JU0jWFxnKaHQi9K1VoAb6I62rDBKqDhqnvxKU15kBGs=
github.com/vertex-language/encoder v0.0.0-20260603035801-4a034915a72e h1:8GKHAudNqz8DxsVTgSCrhPhPuAhQyc6M/xc5rzLwDI8=
github.com/vertex-language/encoder v0.0.0-20260603035801-4a034915a72e/go.mod h1:JU0jWFxnKaHQi9K1VoAb6I62rDBKqDhqnvxKU15kBGs=
github.com/vertex-language/encoder v0.0.0-20260603035924-e1e8434439aa h1:1i40KhfAtd3ZeRaOKc634SZvmm4Ggcqe3yhGgzY8ics=
github.com/vertex-language/encoder v0.0.0-20260603035924-e1e8434439aa/go.mod h1:JU0jWFxnKaHQi9K1VoAb6I62rDBKqDhqnvxKU15kBGs=
github.com/vertex-language/encoder v0.0.0-20260603040045-db5cdabee3d3 h1:K9t8fvAPhJvHVSldJtcIgwA2UjLBmdT+QX36Tap7U2Q=
github.com/vertex-language/encoder v0.0.0-20260603040045-db5cdabee3d3/go.mod h1:JU0jWFxnKaHQi9K1VoAb6I62rDBKqDhqnvxKU15kBGs=
github.com/vertex-language/encoder v0.0.0-20260603043755-0e2e0a546239 h1:iWjzWfG+1osHq2tj3R6xpi+OBGjXu/Zn3nHARIGacVI=
github.com/vertex-language/encoder v0.0.0-20260603043755-0e2e0a546239/go.mod h1:JU0jWFxnKaHQi9K1VoAb6I62rDBKqDhqnvxKU15kBGs=
github.com/vertex-language/encoder v0.0.0-20260603161241-292a9f56a4b1 h1:iVKUmjezKR7muL9D1ZIwYgE/pv36bTC+uK5tQyaIBCs=
github.com/vertex-language/encoder v0.0.0-20260603161241-292a9f56a4b1/go.mod h1:JU0jWFxnKaHQi9K1VoAb6I62rDBKqDhqnvxKU15kBGs=
github.com/vertex-language/encoder v0.0.0-20260603161443-1fa08e4ed501 h1:qSsl+cQo+C+1la8zZPINrJZvMOuwa+KY922xCu6muYM=
github.com/vertex-language/encoder v0.0.0-20260603161443-1fa08e4ed501/go.mod h1:JU0jWFxnKaHQi9K1VoAb6I62rDBKqDhqnvxKU15kBGs=
github.com/vertex-language/encoder v0.0.0-20260603175630-3922f09c5ae8 h1:8rbOW7iqwPhiWhcPrwZb/D2jFmpXYAPwm0nGH5JIFMI=
github.com/vertex-language/encoder v0.0.0-20260603175630-3922f09c5ae8/go.mod h1:JU0jWFxnKaHQi9K1VoAb6I62rDBKqDhqnvxKU15kBGs=
github.com/vertex-language/encoder v0.0.0-20260603212155-27856ffbb89d h1:Ws69gPDKZXmRfEcvTLNmvc3kqql6i/jdPvwb/Wj7A+0=
github.com/vertex-language/encoder v0.0.0-20260603212155-27856ffbb89d/go.mod h1:JU0jWFxnKaHQi9K1VoAb6I62rDBKqDhqnvxKU15kBGs=
github.com/vertex-language/encoder v0.0.0-20260603212354-a0e734fef6de h1:rZrSYzPYUDsnrk3OWwKEeUooYjbQ7BrDix2W7quT15Q=
github.com/vertex-language/encoder v0.0.0-20260603212354-a0e734fef6de/go.mod h1:JU0jWFxnKaHQi9K1VoAb6I62rDBKqDhqnvxKU15kBGs=
github.com/vertex-language/encoder v0.0.0-20260603215300-53de593fb42f h1:bb8gQAkSbSlvN/eFQDS7BcLEOIUepeiisvNLJa7t2Ro=
github.com/vertex-language/encoder v0.0.0-20260603215300-53de593fb42f/go.mod h1:JU0jWFxnKaHQi9K1VoAb6I62rDBKqDhqnvxKU15kBGs=
github.com/vertex-language/encoder v0.0.0-20260603223128-aa0badfce02c h1:vwbPELgddwYtLzahStwWi2FPO7S6enexVG8xWrvaEB4=
github.com/vertex-language/encoder v0.0.0-20260603223128-aa0badfce02c/go.mod h1:JU0jWFxnKaHQi9K1VoAb6I62rDBKqDhqnvxKU15kBGs=
github.com/vertex-language/encoder v0.0.0-20260603223246-54f1722c5c4d h1:gfLrBLv+IRY8mnT4sZgxLiqIY3MJqkZ5BCi3QwDVMlU=
github.com/vertex-language/encoder v0.0.0-20260603223246-54f1722c5c4d/go.mod h1:JU0jWFxnKaHQi9K1VoAb6I62rDBKqDhqnvxKU15kBGs=
github.com/vertex-language/encoder v0.0.0-20260604011410-06d676b21138 h1:goH9y7WYa7dv7Wf/Bl1SWqHFHHtJa7DiSApCFkxX0AU=
github.com/vertex-language/encoder v0.0.0-20260604011410-06d676b21138/go.mod h1:JU0jWFxnKaHQi9K1VoAb6I62rDBKqDhqnvxKU15kBGs=
github.com/vertex-language/ir v0.0.0-20260603020925-085f72dd9b5a h1:Wh4EE25KYsaO/fo6orcewjZo6Ms73WHjFAcmUCiK4TQ=
github.com/vertex-language/ir v0.0.0-20260603020925-085f72dd9b5a/go.mod h1:mabHdHDTy2xJQuzbh8KOf3E3WSHL0KsEKUWKiI0RGzI=
github.com/vertex-language/ir v0.0.0-20260603021633-87c1a4768caf h1:ZK/ZEcipxXJbRdBJ5cstIbti5gAd4Uc3kntq2uFfp9A=
github.com/vertex-language/ir v0.0.0-20260603021633-87c1a4768caf/go.mod h1:mabHdHDTy2xJQuzbh8KOf3E3WSHL0KsEKUWKiI0RGzI=
github.com/vertex-language/ir v0.0.0-20260603022411-2a9a02593c76 h1:L8D1nFYPDieCmXxTTyOM5OjrBtbkicsz0eIbIGdykbs=
github.com/vertex-language/ir v0.0.0-20260603022411-2a9a02593c76/go.mod h1:mabHdHDTy2xJQuzbh8KOf3E3WSHL0KsEKUWKiI0RGzI=
github.com/vertex-language/ir v0.0.0-20260603023341-46f735728b2c h1:A6bcNLknb+EdXkvrm1qNW5nZxDw6Dd7xnL1vrKHnBR4=
github.com/vertex-language/ir v0.0.0-20260603023341-46f735728b2c/go.mod h1:mabHdHDTy2xJQuzbh8KOf3E3WSHL0KsEKUWKiI0RGzI=
github.com/vertex-language/ir v0.0.0-20260603023802-00eefd15ad6d h1:0QYGUgNNNESYLed5aXFUFOihYGoOKlD0VZ9z64K+SRw=
github.com/vertex-language/ir v0.0.0-20260603023802-00eefd15ad6d/go.mod h1:mabHdHDTy2xJQuzbh8KOf3E3WSHL0KsEKUWKiI0RGzI=
github.com/vertex-language/ir v0.0.0-20260603031547-edc8951aea7a h1:Gta1bVul2tUfHhEin7JeXjMfeqErJTkxZhChST59Qtg=
github.com/vertex-language/ir v0.0.0-20260603031547-edc8951aea7a/go.mod h1:mabHdHDTy2xJQuzbh8KOf3E3WSHL0KsEKUWKiI0RGzI=
github.com/vertex-language/ir v0.0.0-20260603033615-e9959d202c56 h1:s2HVqL8REheQbTTrdBdTl7UwTw+fX11zsvPOLkn9Cc4=
github.com/vertex-language/ir v0.0.0-20260603033615-e9959d202c56/go.mod h1:mabHdHDTy2xJQuzbh8KOf3E3WSHL0KsEKUWKiI0RGzI=
github.com/vertex-language/ir v0.0.0-20260603041338-114ef4797d3a h1:WGK5O9dCqgN5M1MzSDiCz11jiM+DgZ5HJ0Gd0zbiUhg=
github.com/vertex-language/ir v0.0.0-20260603041338-114ef4797d3a/go.mod h1:mabHdHDTy2xJQuzbh8KOf3E3WSHL0KsEKUWKiI0RGzI=
github.com/vertex-language/ir v0.0.0-20260603043422-efcfe05d15f0 h1:KhVfVTfXzL5ldRIN46BbFzxliEiX1lvrspdU2Qhqkt0=
github.com/vertex-language/ir v0.0.0-20260603043422-efcfe05d15f0/go.mod h1:mabHdHDTy2xJQuzbh8KOf3E3WSHL0KsEKUWKiI0RGzI=
github.com/vertex-language/ir v0.0.0-20260603161251-6ec243b2c394 h1:VksOHusGQsUWr7bF4BXNOCF6N9PZM7HPt1bNncp9iD0=
github.com/vertex-language/ir v0.0.0-20260603161251-6ec243b2c394/go.mod h1:mabHdHDTy2xJQuzbh8KOf3E3WSHL0KsEKUWKiI0RGzI=
github.com/vertex-language/ir v0.0.0-20260603174244-bfa190b6ab5d h1:4tJDiMO+2Ikwc3zllNzuWxMLMFkud2QxOXIX1UNHEP8=
github.com/vertex-language/ir v0.0.0-20260603174244-bfa190b6ab5d/go.mod h1:mabHdHDTy2xJQuzbh8KOf3E3WSHL0KsEKUWKiI0RGzI=
github.com/vertex-language/ir v0.0.0-20260603175623-16a231302273 h1:FeoOB/JV52P/WWp0DPhl7QxQ+ZAE3QA/yT1wXajSLPw=
github.com/vertex-language/ir v0.0.0-20260603175623-16a231302273/go.mod h1:mabHdHDTy2xJQuzbh8KOf3E3WSHL0KsEKUWKiI0RGzI=
github.com/vertex-language/ir v0.0.0-20260603180107-e28ec67e497a h1:VUXeSg9ysES2SEiiUdg8K6asgPhQvP7ljvb/UzW8V8g=
github.com/vertex-language/ir v0.0.0-20260603180107-e28ec67e497a/go.mod h1:mabHdHDTy2xJQuzbh8KOf3E3WSHL0KsEKUWKiI0RGzI=
github.com/vertex-language/ir v0.0.0-20260603180904-641e921855da h1:vKfZBFXUhr4+RcGvLmNmtW21cN9WCyPtN1RCWEJhnGg=
github.com/vertex-language/ir v0.0.0-20260603180904-641e921855da/go.mod h1:mabHdHDTy2xJQuzbh8KOf3E3WSHL0KsEKUWKiI0RGzI=
github.com/vertex-language/ir v0.0.0-20260603181709-b61e135e93d4 h1:lBnJrGQXOWFl91SXzhsowT7rWgbLQszwzUp5JQ1yhME=
github.com/vertex-language/ir v0.0.0-20260603181709-b61e135e93d4/go.mod h1:mabHdHDTy2xJQuzbh8KOf3E3WSHL0KsEKUWKiI0RGzI=
github.com/vertex-language/ir v0.0.0-20260603210557-95ad39639b73 h1:GMxFBL2BNcNfGShTZi3Xr7HaWPR6f5AXKibxVAnI9XY=
github.com/vertex-language/ir v0.0.0-20260603210557-95ad39639b73/go.mod h1:mabHdHDTy2xJQuzbh8KOf3E3WSHL0KsEKUWKiI0RGzI=
github.com/vertex-language/ir v0.0.0-20260603212204-e0d3764166b3 h1:1SiAB/KaV72ApnYo7/lx9U6zldlkNtwUfgARrYosyag=
github.com/vertex-language/ir v0.0.0-20260603212204-e0d3764166b3/go.mod h1:mabHdHDTy2xJQuzbh8KOf3E3WSHL0KsEKUWKiI0RGzI=
github.com/vertex-language/ir v0.0.0-20260603212347-dfa7e7910834 h1:l5EydtgZWtfEchqeg7v9CHLe7ECHdt2b4pg8lodXzE0=
github.com/vertex-language/ir v0.0.0-20260603212347-dfa7e7910834/go.mod h1:mabHdHDTy2xJQuzbh8KOf3E3WSHL0KsEKUWKiI0RGzI=
github.com/vertex-language/ir v0.0.0-20260603215254-8dc5fda1d559 h1:z44PESf2Lr6z7XsAji5jPayRLGWqt/wtCgOauVZhlhs=
github.com/vertex-language/ir v0.0.0-20260603215254-8dc5fda1d559/go.mod h1:mabHdHDTy2xJQuzbh8KOf3E3WSHL0KsEKUWKiI0RGzI=
github.com/vertex-language/ir v0.0.0-20260603220146-ba2225732d98 h1:8piWXspSbULqJ+2jX1eBhpHMJV7zbhAmC3uDo1J3qOk=
github.com/vertex-language/ir v0.0.0-20260603220146-ba2225732d98/go.mod h1:mabHdHDTy2xJQuzbh8KOf3E3WSHL0KsEKUWKiI0RGzI=
github.com/vertex-language/ir v0.0.0-20260603220929-0e3fde068575 h1:9AqQOc5Cb8xeVMk78KR1fRbsozmH410vKE/FDZ2X4Z8=
github.com/vertex-language/ir v0.0.0-20260603220929-0e3fde068575/go.mod h1:mabHdHDTy2xJQuzbh8KOf3E3WSHL0KsEKUWKiI0RGzI=
github.com/vertex-language/ir v0.0.0-20260603221242-97a4be74a5fa h1:N8ytn3D9mioOcY2VAPyfrKofzsJ3o4+TZf3sAJ/Zqlc=
github.com/vertex-language/ir v0.0.0-20260603221242-97a4be74a5fa/go.mod h1:mabHdHDTy2xJQuzbh8KOf3E3WSHL0KsEKUWKiI0RGzI=
github.com/vertex-language/ir v0.0.0-20260603221951-b45c1ddc459f h1:iaaJAZ8kIL6AhfSzTHPt/49fkbiaeP4vy0cZsBfnn44=
github.com/vertex-language/ir v0.0.0-20260603221951-b45c1ddc459f/go.mod h1:mabHdHDTy2xJQuzbh8KOf3E3WSHL0KsEKUWKiI0RGzI=
github.com/vertex-language/ir v0.0.0-20260604001350-24585c7435df h1:emGQfE/wox0VmldAwjQHnA2yczeL5VnLjLaIjQdeBAQ=
github.com/vertex-language/ir v0.0.0-20260604001350-24585c7435df/go.mod h1:mabHdHDTy2xJQuzbh8KOf3E3WSHL0KsEKUWKiI0RGzI=
github.com/vertex-language/ir v0.0.0-20260604002652-112540b35ce0 h1:9cTAavCe9miyJsHcWHDHWXA0fZY7CB8aLDuZ8p24kBU=
github.com/vertex-language/ir v0.0.0-20260604002652-112540b35ce0/go.mod h1:mabHdHDTy2xJQuzbh8KOf3E3WSHL0KsEKUWKiI0RGzI=
github.com/vertex-language/ir v0.0.0-20260604003128-c80344a8e55e h1:NsHR+9WfVjUNnj9x2La5eZNkKiwcDy/d1+RV/dvyTTA=
github.com/vertex-language/ir v0.0.0-20260604003128-c80344a8e55e/go.mod h1:mabHdHDTy2xJQuzbh8KOf3E3WSHL0KsEKUWKiI0RGzI=
github.com/vertex-language/ir v0.0.0-20260604004148-588501858fad h1:Y57658R6+x+0KxblIjiZUe67VlaWXZ59ad0DiQlQSdg=
github.com/vertex-language/ir v0.0.0-20260604004148-588501858fad/go.mod h1:mabHdHDTy2xJQuzbh8KOf3E3WSHL0KsEKUWKiI0RGzI=
github.com/vertex-language/ir v0.0.0-20260604011417-9512cac4cd11 h1:GP8U5SL8OUGNte1BzO6az8XMns7n1EPwMyD8S47VJng=
github.com/vertex-language/ir v0.0.0-20260604011417-9512cac4cd11/go.mod h1:mabHdHDTy2xJQuzbh8KOf3E3WSHL0KsEKUWKiI0RGzI=
github.com/vertex-language/linker v0.0.0-20260603015650-6d0d6cf00c93 h1:W09V/UmaEF3Fp6twC3hxoFzU3u1zKbzYkeyymZ2Ggb8=
github.com/vertex-language/linker v0.0.0-20260603015650-6d0d6cf00c93/go.mod h1:cuAHtFrx328TCaW17szDtDvMbFfq2aADzDGLRgIagkg=
github.com/vertex-language/linker v0.0.0-20260603024335-73a781ddd00b h1:pLbpQblQOvkOBEEjYOUU+K/8GpX0vTfNiz1liFugoRc=
github.com/vertex-language/linker v0.0.0-20260603024335-73a781ddd00b/go.mod h1:cuAHtFrx328TCaW17szDtDvMbFfq2aADzDGLRgIagkg=
github.com/vertex-language/linker v0.0.0-20260603024857-49f9e0ac82c1 h1:2KiFSXH96ssptSGMifCOm5wzjANjX8LL/0AHW2MBfyM=
github.com/vertex-language/linker v0.0.0-20260603024857-49f9e0ac82c1/go.mod h1:cuAHtFrx328TCaW17szDtDvMbFfq2aADzDGLRgIagkg=
github.com/vertex-language/linker v0.0.0-20260603025329-36bee89edb8f h1:OCJPhWv3FKlrV25gaRWbE4U35N1Z2CNUwfVLQwMJK7M=
github.com/vertex-language/linker v0.0.0-20260603025329-36bee89edb8f/go.mod h1:cuAHtFrx328TCaW17szDtDvMbFfq2aADzDGLRgIagkg=
github.com/vertex-language/linker v0.0.0-20260603044849-933e8b73e4b3 h1:PIw2/HSb+iZfWBdZmK5qwjsNxCs187+rlNGduHZtVyY=
github.com/vertex-language/linker v0.0.0-20260603044849-933e8b73e4b3/go.mod h1:cuAHtFrx328TCaW17szDtDvMbFfq2aADzDGLRgIagkg=
github.com/vertex-language/linker v0.0.0-20260603045544-05c13089d285 h1:2lgL/2Or6W5tLW68nx0/gX3Ogvmzpz8Rmv3nuQvLaD8=
github.com/vertex-language/linker v0.0.0-20260603045544-05c13089d285/go.mod h1:cuAHtFrx328TCaW17szDtDvMbFfq2aADzDGLRgIagkg=
github.com/vertex-language/linker v0.0.0-20260603163042-894ba5fdbd2b h1:6Zt05ilUl2314r9KSVFqL/FYo0FazdboLoa6a4lDMG8=
github.com/vertex-language/linker v0.0.0-20260603163042-894ba5fdbd2b/go.mod h1:cuAHtFrx328TCaW17szDtDvMbFfq2aADzDGLRgIagkg=
github.com/vertex-language/linker v0.0.0-20260603164055-0a08d30dff14 h1:9rEPwfR6S2tWpTK8M5QlwnkC5UaIdM8O/2ibAXS30Bc=
github.com/vertex-language/linker v0.0.0-20260603164055-0a08d30dff14/go.mod h1:cuAHtFrx328TCaW17szDtDvMbFfq2aADzDGLRgIagkg=
github.com/vertex-language/linker v0.0.0-20260603170851-0625225bf68d h1:Sv01rkkKehkhtHbcCscff9RnnHc5+FOXo1I4wCqb9Kw=
github.com/vertex-language/linker v0.0.0-20260603170851-0625225bf68d/go.mod h1:cuAHtFrx328TCaW17szDtDvMbFfq2aADzDGLRgIagkg=
github.com/vertex-language/objectfile v0.0.0-20260529235552-aabb1a12f3a8 h1:djMw4CXYIw3Lh339GRgzJq2eCvdhvqTCntd1dNR+V0w=
github.com/vertex-language/objectfile v0.0.0-20260529235552-aabb1a12f3a8/go.mod h1:EXj9TJpqOX1cbiAhP5w1+u5sWSQ5cFp7Nk2/pGYtkjo=
github.com/vertex-language/objectfile v0.0.0-20260603030012-519d095f75c7 h1:rGamghFIS09Lc/CThBBZH3OslWf6PxohnkUO2os6U5k=
github.com/vertex-language/objectfile v0.0.0-20260603030012-519d095f75c7/go.mod h1:EXj9TJpqOX1cbiAhP5w1+u5sWSQ5cFp7Nk2/pGYtkjo=
github.com/vertex-language/objectfile v0.0.0-20260603030130-092ccdff83d9 h1:lkyYvCWhgZDPhTV4hC9xjNbtzI09ePUGPEmDYgR2J+Y=
github.com/vertex-language/objectfile v0.0.0-20260603030130-092ccdff83d9/go.mod h1:EXj9TJpqOX1cbiAhP5w1+u5sWSQ5cFp7Nk2/pGYtkjo=
github.com/vertex-language/objectfile v0.0.0-20260603030615-429935414df5 h1:4oNy7BdOSfqV0jg1eALmg7pSi5oczIJ2mxP7/N9fE0w=
github.com/vertex-language/objectfile v0.0.0-20260603030615-429935414df5/go.mod h1:EXj9TJpqOX1cbiAhP5w1+u5sWSQ5cFp7Nk2/pGYtkjo=
github.com/vertex-language/objectfile v0.0.0-20260603031204-523582af0ac0 h1:3tHoWrjUShJji5LX2giAp+1M/frY8NAlL63xS/h/vIs=
github.com/vertex-language/objectfile v0.0.0-20260603031204-523582af0ac0/go.mod h1:EXj9TJpqOX1cbiAhP5w1+u5sWSQ5cFp7Nk2/pGYtkjo=
golang.org/x/exp v0.0.0-20240506185415-9bf2ced13842 h1:vr/HnozRka3pE4EsMEg1lgkXJkTFJCVUX+S/ZT6wYzM=
golang.org/x/exp v0.0.0-20240506185415-9bf2ced13842/go.mod h1:XtvwrStGgqGPLc4cjQfWqZHG1YFdYs6swckp8vpsjnc=
